
Microsoft Visual Studio Solution File, Format Version 12.00
# Visual Studio 15
VisualStudioVersion = 15.0.27703.2018
MinimumVisualStudioVersion = 10.0.40219.1
Project("{FAE04EC0-301F-11D3-BF4B-00C04F79EFBC}") = "InlayTester.Drivers.FeigReader", "src\InlayTester.Drivers.FeigReader\InlayTester.Drivers.FeigReader.csproj", "{D9834205-826D-4CB9-B34D-9CFAF4C064B1}"
EndProject
Global
	GlobalSection(SolutionConfigurationPlatforms) = preSolution
		Debug|Any CPU = Debug|Any CPU
		Release|Any CPU = Release|Any CPU
	EndGlobalSection
	GlobalSection(ProjectConfigurationPlatforms) = postSolution
		{D9834205-826D-4CB9-B34D-9CFAF4C064B1}.Debug|Any CPU.ActiveCfg = Debug|Any CPU
		{D9834205-826D-4CB9-B34D-9CFAF4C064B1}.Debug|Any CPU.Build.0 = Debug|Any CPU
		{D9834205-826D-4CB9-B34D-9CFAF4C064B1}.Release|Any CPU.ActiveCfg = Release|Any CPU
		{D9834205-826D-4CB9-B34D-9CFAF4C064B1}.Release|Any CPU.Build.0 = Release|Any CPU
	EndGlobalSection
	GlobalSection(SolutionProperties) = preSolution
		HideSolutionNode = FALSE
	EndGlobalSection
	GlobalSection(ExtensibilityGlobals) = postSolution
		SolutionGuid = {5000C6F1-5B0D-4184-81CD-C853FFD620D0}
	EndGlobalSection
EndGlobal
